
Microsoft Visual Studio Solution File, Format Version 12.00
# Visual Studio Version 17
VisualStudioVersion = 17.1.32319.34
MinimumVisualStudioVersion = 10.0.40219.1
Project("{8BC9CEB8-8B4A-11D0-8D11-00A0C91BC942}") = "ConsoleApplication1", "ConsoleApplication1\ConsoleApplication1.vcxproj", "{D09496F6-4D88-4F3F-8DC8-2190F7F66770}"
EndProject
Global
	GlobalSection(SolutionConfigurationPlatforms) = preSolution
		Debug|x64 = Debug|x64
		Debug|x86 = Debug|x86
		Release|x64 = Release|x64
		Release|x86 = Release|x86
	EndGlobalSection
	GlobalSection(ProjectConfigurationPlatforms) = postSolution
		{D09496F6-4D88-4F3F-8DC8-2190F7F66770}.Debug|x64.ActiveCfg = Debug|x64
		{D09496F6-4D88-4F3F-8DC8-2190F7F66770}.Debug|x64.Build.0 = Debug|x64
		{D09496F6-4D88-4F3F-8DC8-2190F7F66770}.Debug|x86.ActiveCfg = Debug|Win32
		{D09496F6-4D88-4F3F-8DC8-2190F7F66770}.Debug|x86.Build.0 = Debug|Win32
		{D09496F6-4D88-4F3F-8DC8-2190F7F66770}.Release|x64.ActiveCfg = Release|x64
		{D09496F6-4D88-4F3F-8DC8-2190F7F66770}.Release|x64.Build.0 = Release|x64
		{D09496F6-4D88-4F3F-8DC8-2190F7F66770}.Release|x86.ActiveCfg = Release|Win32
		{D09496F6-4D88-4F3F-8DC8-2190F7F66770}.Release|x86.Build.0 = Release|Win32
	EndGlobalSection
	GlobalSection(SolutionProperties) = preSolution
		HideSolutionNode = FALSE
	EndGlobalSection
	GlobalSection(ExtensibilityGlobals) = postSolution
		SolutionGuid = {24A01F5A-E9B5-4F05-8661-022E5B1155B0}
	EndGlobalSection
EndGlobal
